// !$*UTF8*$!
{
	archiveVersion = 1;
	classes = {
	};
	objectVersion = 46;
	objects = {

/* Begin PBXAggregateTarget section */
		3E4785501B7142CE000E07BB /* Framework */ = {
			isa = PBXAggregateTarget;
			buildConfigurationList = 3E4785511B7142CE000E07BB /* Build configuration list for PBXAggregateTarget "Framework" */;
			buildPhases = (
				3E4785561B71431A000E07BB /* Multiplatform build */,
			);
			dependencies = (
				3E4785551B714308000E07BB /* PBXTargetDependency */,
			);
			name = Framework;
			productName = Framework;
		};
/* End PBXAggregateTarget section */

/* Begin PBXBuildFile section */
		16FA43241AC51D12000895C9 /* libRadarKit.a in Frameworks */ = {isa = PBXBuildFile; fileRef = 16FA43181AC51D12000895C9 /* libRadarKit.a */; };
		16FA43411AC5210B000895C9 /* CDXRadar.m in Sources */ = {isa = PBXBuildFile; fileRef = 16FA43401AC5210B000895C9 /* CDXRadar.m */; };
		16FA43441AC529F5000895C9 /* CDXInitService.m in Sources */ = {isa = PBXBuildFile; fileRef = 16FA43431AC529F5000895C9 /* CDXInitService.m */; };
		16FA43471AC52CD6000895C9 /* Foundation.framework in Frameworks */ = {isa = PBXBuildFile; fileRef = 16FA43461AC52CD6000895C9 /* Foundation.framework */; };
		16FA434A1AC52D73000895C9 /* RadarKit.h in Headers */ = {isa = PBXBuildFile; fileRef = 16FA43451AC52C33000895C9 /* RadarKit.h */; settings = {ATTRIBUTES = (Public, ); }; };
		16FA434B1AC52DB0000895C9 /* CDXInitService.h in Headers */ = {isa = PBXBuildFile; fileRef = 16FA43421AC529F5000895C9 /* CDXInitService.h */; };
		16FA434C1AC52DB9000895C9 /* CDXRadar.h in Headers */ = {isa = PBXBuildFile; fileRef = 16FA433F1AC5210B000895C9 /* CDXRadar.h */; settings = {ATTRIBUTES = (Public, ); }; };
		16FA434F1AC54640000895C9 /* CDXProviderService.h in Headers */ = {isa = PBXBuildFile; fileRef = 16FA434D1AC54640000895C9 /* CDXProviderService.h */; };
		16FA43501AC54640000895C9 /* CDXProviderService.m in Sources */ = {isa = PBXBuildFile; fileRef = 16FA434E1AC54640000895C9 /* CDXProviderService.m */; };
		16FA43571AC55663000895C9 /* CDXProvider.h in Headers */ = {isa = PBXBuildFile; fileRef = 16FA43551AC55663000895C9 /* CDXProvider.h */; };
		16FA43581AC55663000895C9 /* CDXProvider.m in Sources */ = {isa = PBXBuildFile; fileRef = 16FA43561AC55663000895C9 /* CDXProvider.m */; };
		16FA435B1AC56421000895C9 /* CDXProbe.h in Headers */ = {isa = PBXBuildFile; fileRef = 16FA43591AC56421000895C9 /* CDXProbe.h */; };
		16FA435C1AC56421000895C9 /* CDXProbe.m in Sources */ = {isa = PBXBuildFile; fileRef = 16FA435A1AC56421000895C9 /* CDXProbe.m */; };
		3E0774AF1B6C31C10024C50D /* CDXLogger.h in Headers */ = {isa = PBXBuildFile; fileRef = 3E0774AD1B6C31C10024C50D /* CDXLogger.h */; };
		3E0774B01B6C31C10024C50D /* CDXLogger.m in Sources */ = {isa = PBXBuildFile; fileRef = 3E0774AE1B6C31C10024C50D /* CDXLogger.m */; };
		3E0774B31B6FF9300024C50D /* CDXRadarSession.h in Headers */ = {isa = PBXBuildFile; fileRef = 3E0774B11B6FF9300024C50D /* CDXRadarSession.h */; settings = {ATTRIBUTES = (Public, ); }; };
		3E0774B41B6FF9300024C50D /* CDXRadarSession.m in Sources */ = {isa = PBXBuildFile; fileRef = 3E0774B21B6FF9300024C50D /* CDXRadarSession.m */; };
		3E5928DA1B7925FA0033ABCA /* CDXProviderTests.m in Sources */ = {isa = PBXBuildFile; fileRef = 3E5928D91B7925FA0033ABCA /* CDXProviderTests.m */; };
		3E5928DC1B794E360033ABCA /* CDXProviderServiceTests.m in Sources */ = {isa = PBXBuildFile; fileRef = 3E5928DB1B794E360033ABCA /* CDXProviderServiceTests.m */; };
		3E5929141B7A6AAB0033ABCA /* CDXInitServiceTests.m in Sources */ = {isa = PBXBuildFile; fileRef = 3E5929131B7A6AAB0033ABCA /* CDXInitServiceTests.m */; };
		3E5929161B7A6FBD0033ABCA /* CDXRadarTests.m in Sources */ = {isa = PBXBuildFile; fileRef = 3E5929151B7A6FBD0033ABCA /* CDXRadarTests.m */; };
		3E8549021B75A8CA005D2A4E /* SystemConfiguration.framework in Frameworks */ = {isa = PBXBuildFile; fileRef = 3E8549011B75A8CA005D2A4E /* SystemConfiguration.framework */; };
		3E8549111B75ACA1005D2A4E /* SystemConfiguration.framework in Frameworks */ = {isa = PBXBuildFile; fileRef = 3E8549011B75A8CA005D2A4E /* SystemConfiguration.framework */; };
		3E8549141B75AD1C005D2A4E /* CDXReachability.h in Headers */ = {isa = PBXBuildFile; fileRef = 3E8549121B75AD1C005D2A4E /* CDXReachability.h */; };
		3E8549151B75AD1C005D2A4E /* CDXReachability.m in Sources */ = {isa = PBXBuildFile; fileRef = 3E8549131B75AD1C005D2A4E /* CDXReachability.m */; };
		3EFB785D1B72DE7200E330D4 /* CDXProbeTests.m in Sources */ = {isa = PBXBuildFile; fileRef = 3EFB785C1B72DE7200E330D4 /* CDXProbeTests.m */; };
/* End PBXBuildFile section */

/* Begin PBXContainerItemProxy section */
		16FA43251AC51D12000895C9 /* PBXContainerItemProxy */ = {
			isa = PBXContainerItemProxy;
			containerPortal = 16FA43101AC51D12000895C9 /* Project object */;
			proxyType = 1;
			remoteGlobalIDString = 16FA43171AC51D12000895C9;
			remoteInfo = RadarKit;
		};
		3E4785541B714308000E07BB /* PBXContainerItemProxy */ = {
			isa = PBXContainerItemProxy;
			containerPortal = 16FA43101AC51D12000895C9 /* Project object */;
			proxyType = 1;
			remoteGlobalIDString = 16FA43171AC51D12000895C9;
			remoteInfo = RadarKit;
		};
/* End PBXContainerItemProxy section */

/* Begin PBXCopyFilesBuildPhase section */
		16FA43161AC51D12000895C9 /* CopyFiles */ = {
			isa = PBXCopyFilesBuildPhase;
			buildActionMask = 2147483647;
			dstPath = "include/$(PRODUCT_NAME)";
			dstSubfolderSpec = 16;
			files = (
			);
			runOnlyForDeploymentPostprocessing = 0;
		};
/* End PBXCopyFilesBuildPhase section */

/* Begin PBXFileReference section */
		16FA43181AC51D12000895C9 /* libRadarKit.a */ = {isa = PBXFileReference; explicitFileType = archive.ar; includeInIndex = 0; path = libRadarKit.a; sourceTree = BUILT_PRODUCTS_DIR; };
		16FA43231AC51D12000895C9 /* RadarKitTests.xctest */ = {isa = PBXFileReference; explicitFileType = wrapper.cfbundle; includeInIndex = 0; path = RadarKitTests.xctest; sourceTree = BUILT_PRODUCTS_DIR; };
		16FA43291AC51D12000895C9 /* Info.plist */ = {isa = PBXFileReference; lastKnownFileType = text.plist.xml; path = Info.plist; sourceTree = "<group>"; };
		16FA43321AC51D87000895C9 /* README.md */ = {isa = PBXFileReference; lastKnownFileType = net.daringfireball.markdown; path = README.md; sourceTree = "<group>"; };
		16FA433F1AC5210B000895C9 /* CDXRadar.h */ = {isa = PBXFileReference; fileEncoding = 4; lastKnownFileType = sourcecode.c.h; path = CDXRadar.h; sourceTree = "<group>"; };
		16FA43401AC5210B000895C9 /* CDXRadar.m */ = {isa = PBXFileReference; fileEncoding = 4; lastKnownFileType = sourcecode.c.objc; path = CDXRadar.m; sourceTree = "<group>"; };
		16FA43421AC529F5000895C9 /* CDXInitService.h */ = {isa = PBXFileReference; fileEncoding = 4; lastKnownFileType = sourcecode.c.h; path = CDXInitService.h; sourceTree = "<group>"; };
		16FA43431AC529F5000895C9 /* CDXInitService.m */ = {isa = PBXFileReference; fileEncoding = 4; lastKnownFileType = sourcecode.c.objc; path = CDXInitService.m; sourceTree = "<group>"; };
		16FA43451AC52C33000895C9 /* RadarKit.h */ = {isa = PBXFileReference; fileEncoding = 4; lastKnownFileType = sourcecode.c.h; path = RadarKit.h; sourceTree = "<group>"; };
		16FA43461AC52CD6000895C9 /* Foundation.framework */ = {isa = PBXFileReference; lastKnownFileType = wrapper.framework; name = Foundation.framework; path = System/Library/Frameworks/Foundation.framework; sourceTree = SDKROOT; };
		16FA434D1AC54640000895C9 /* CDXProviderService.h */ = {isa = PBXFileReference; fileEncoding = 4; lastKnownFileType = sourcecode.c.h; path = CDXProviderService.h; sourceTree = "<group>"; };
		16FA434E1AC54640000895C9 /* CDXProviderService.m */ = {isa = PBXFileReference; fileEncoding = 4; lastKnownFileType = sourcecode.c.objc; path = CDXProviderService.m; sourceTree = "<group>"; };
		16FA43551AC55663000895C9 /* CDXProvider.h */ = {isa = PBXFileReference; fileEncoding = 4; lastKnownFileType = sourcecode.c.h; path = CDXProvider.h; sourceTree = "<group>"; };
		16FA43561AC55663000895C9 /* CDXProvider.m */ = {isa = PBXFileReference; fileEncoding = 4; lastKnownFileType = sourcecode.c.objc; path = CDXProvider.m; sourceTree = "<group>"; };
		16FA43591AC56421000895C9 /* CDXProbe.h */ = {isa = PBXFileReference; fileEncoding = 4; lastKnownFileType = sourcecode.c.h; path = CDXProbe.h; sourceTree = "<group>"; };
		16FA435A1AC56421000895C9 /* CDXProbe.m */ = {isa = PBXFileReference; fileEncoding = 4; lastKnownFileType = sourcecode.c.objc; path = CDXProbe.m; sourceTree = "<group>"; };
		3E0774AD1B6C31C10024C50D /* CDXLogger.h */ = {isa = PBXFileReference; fileEncoding = 4; lastKnownFileType = sourcecode.c.h; path = CDXLogger.h; sourceTree = "<group>"; };
		3E0774AE1B6C31C10024C50D /* CDXLogger.m */ = {isa = PBXFileReference; fileEncoding = 4; lastKnownFileType = sourcecode.c.objc; path = CDXLogger.m; sourceTree = "<group>"; };
		3E0774B11B6FF9300024C50D /* CDXRadarSession.h */ = {isa = PBXFileReference; fileEncoding = 4; lastKnownFileType = sourcecode.c.h; path = CDXRadarSession.h; sourceTree = "<group>"; };
		3E0774B21B6FF9300024C50D /* CDXRadarSession.m */ = {isa = PBXFileReference; fileEncoding = 4; lastKnownFileType = sourcecode.c.objc; path = CDXRadarSession.m; sourceTree = "<group>"; };
		3E5928D91B7925FA0033ABCA /* CDXProviderTests.m */ = {isa = PBXFileReference; fileEncoding = 4; lastKnownFileType = sourcecode.c.objc; path = CDXProviderTests.m; sourceTree = "<group>"; };
		3E5928DB1B794E360033ABCA /* CDXProviderServiceTests.m */ = {isa = PBXFileReference; fileEncoding = 4; lastKnownFileType = sourcecode.c.objc; path = CDXProviderServiceTests.m; sourceTree = "<group>"; };
		3E5929131B7A6AAB0033ABCA /* CDXInitServiceTests.m */ = {isa = PBXFileReference; fileEncoding = 4; lastKnownFileType = sourcecode.c.objc; path = CDXInitServiceTests.m; sourceTree = "<group>"; };
		3E5929151B7A6FBD0033ABCA /* CDXRadarTests.m */ = {isa = PBXFileReference; fileEncoding = 4; lastKnownFileType = sourcecode.c.objc; path = CDXRadarTests.m; sourceTree = "<group>"; };
		3E8549011B75A8CA005D2A4E /* SystemConfiguration.framework */ = {isa = PBXFileReference; lastKnownFileType = wrapper.framework; name = SystemConfiguration.framework; path = System/Library/Frameworks/SystemConfiguration.framework; sourceTree = SDKROOT; };
		3E8549121B75AD1C005D2A4E /* CDXReachability.h */ = {isa = PBXFileReference; fileEncoding = 4; lastKnownFileType = sourcecode.c.h; path = CDXReachability.h; sourceTree = "<group>"; };
		3E8549131B75AD1C005D2A4E /* CDXReachability.m */ = {isa = PBXFileReference; fileEncoding = 4; lastKnownFileType = sourcecode.c.objc; path = CDXReachability.m; sourceTree = "<group>"; };
		3EFB785C1B72DE7200E330D4 /* CDXProbeTests.m */ = {isa = PBXFileReference; fileEncoding = 4; lastKnownFileType = sourcecode.c.objc; path = CDXProbeTests.m; sourceTree = "<group>"; };
/* End PBXFileReference section */

/* Begin PBXFrameworksBuildPhase section */
		16FA43151AC51D12000895C9 /* Frameworks */ = {
			isa = PBXFrameworksBuildPhase;
			buildActionMask = 2147483647;
			files = (
				3E8549021B75A8CA005D2A4E /* SystemConfiguration.framework in Frameworks */,
				16FA43471AC52CD6000895C9 /* Foundation.framework in Frameworks */,
			);
			runOnlyForDeploymentPostprocessing = 0;
		};
		16FA43201AC51D12000895C9 /* Frameworks */ = {
			isa = PBXFrameworksBuildPhase;
			buildActionMask = 2147483647;
			files = (
				3E8549111B75ACA1005D2A4E /* SystemConfiguration.framework in Frameworks */,
				16FA43241AC51D12000895C9 /* libRadarKit.a in Frameworks */,
			);
			runOnlyForDeploymentPostprocessing = 0;
		};
/* End PBXFrameworksBuildPhase section */

/* Begin PBXGroup section */
		16FA430F1AC51D12000895C9 = {
			isa = PBXGroup;
			children = (
				3E8549011B75A8CA005D2A4E /* SystemConfiguration.framework */,
				16FA43461AC52CD6000895C9 /* Foundation.framework */,
				16FA43321AC51D87000895C9 /* README.md */,
				16FA431A1AC51D12000895C9 /* RadarKit */,
				16FA43271AC51D12000895C9 /* RadarKitTests */,
				16FA43191AC51D12000895C9 /* Products */,
			);
			sourceTree = "<group>";
		};
		16FA43191AC51D12000895C9 /* Products */ = {
			isa = PBXGroup;
			children = (
				16FA43181AC51D12000895C9 /* libRadarKit.a */,
				16FA43231AC51D12000895C9 /* RadarKitTests.xctest */,
			);
			name = Products;
			sourceTree = "<group>";
		};
		16FA431A1AC51D12000895C9 /* RadarKit */ = {
			isa = PBXGroup;
			children = (
				16FA43451AC52C33000895C9 /* RadarKit.h */,
				16FA433F1AC5210B000895C9 /* CDXRadar.h */,
				16FA43401AC5210B000895C9 /* CDXRadar.m */,
				16FA43421AC529F5000895C9 /* CDXInitService.h */,
				16FA43431AC529F5000895C9 /* CDXInitService.m */,
				16FA434D1AC54640000895C9 /* CDXProviderService.h */,
				16FA434E1AC54640000895C9 /* CDXProviderService.m */,
				16FA43551AC55663000895C9 /* CDXProvider.h */,
				16FA43561AC55663000895C9 /* CDXProvider.m */,
				16FA43591AC56421000895C9 /* CDXProbe.h */,
				16FA435A1AC56421000895C9 /* CDXProbe.m */,
				3E0774AD1B6C31C10024C50D /* CDXLogger.h */,
				3E0774AE1B6C31C10024C50D /* CDXLogger.m */,
				3E0774B11B6FF9300024C50D /* CDXRadarSession.h */,
				3E0774B21B6FF9300024C50D /* CDXRadarSession.m */,
				3E8549121B75AD1C005D2A4E /* CDXReachability.h */,
				3E8549131B75AD1C005D2A4E /* CDXReachability.m */,
			);
			path = RadarKit;
			sourceTree = "<group>";
		};
		16FA43271AC51D12000895C9 /* RadarKitTests */ = {
			isa = PBXGroup;
			children = (
				16FA43281AC51D12000895C9 /* Supporting Files */,
				3EFB785C1B72DE7200E330D4 /* CDXProbeTests.m */,
				3E5928D91B7925FA0033ABCA /* CDXProviderTests.m */,
				3E5928DB1B794E360033ABCA /* CDXProviderServiceTests.m */,
				3E5929131B7A6AAB0033ABCA /* CDXInitServiceTests.m */,
				3E5929151B7A6FBD0033ABCA /* CDXRadarTests.m */,
			);
			path = RadarKitTests;
			sourceTree = "<group>";
		};
		16FA43281AC51D12000895C9 /* Supporting Files */ = {
			isa = PBXGroup;
			children = (
				16FA43291AC51D12000895C9 /* Info.plist */,
			);
			name = "Supporting Files";
			sourceTree = "<group>";
		};
/* End PBXGroup section */

/* Begin PBXHeadersBuildPhase section */
		16FA43491AC52D5C000895C9 /* Headers */ = {
			isa = PBXHeadersBuildPhase;
			buildActionMask = 2147483647;
			files = (
				3E0774AF1B6C31C10024C50D /* CDXLogger.h in Headers */,
				16FA43571AC55663000895C9 /* CDXProvider.h in Headers */,
				3E8549141B75AD1C005D2A4E /* CDXReachability.h in Headers */,
				3E0774B31B6FF9300024C50D /* CDXRadarSession.h in Headers */,
				16FA434A1AC52D73000895C9 /* RadarKit.h in Headers */,
				16FA434C1AC52DB9000895C9 /* CDXRadar.h in Headers */,
				16FA435B1AC56421000895C9 /* CDXProbe.h in Headers */,
				16FA434B1AC52DB0000895C9 /* CDXInitService.h in Headers */,
				16FA434F1AC54640000895C9 /* CDXProviderService.h in Headers */,
			);
			runOnlyForDeploymentPostprocessing = 0;
		};
/* End PBXHeadersBuildPhase section */

/* Begin PBXNativeTarget section */
		16FA43171AC51D12000895C9 /* RadarKit */ = {
			isa = PBXNativeTarget;
			buildConfigurationList = 16FA432C1AC51D12000895C9 /* Build configuration list for PBXNativeTarget "RadarKit" */;
			buildPhases = (
				16FA43141AC51D12000895C9 /* Sources */,
				16FA43151AC51D12000895C9 /* Frameworks */,
				16FA43161AC51D12000895C9 /* CopyFiles */,
				16FA43491AC52D5C000895C9 /* Headers */,
				3E47854F1B713FBF000E07BB /* Build Framework */,
			);
			buildRules = (
			);
			dependencies = (
			);
			name = RadarKit;
			productName = RadarKit;
			productReference = 16FA43181AC51D12000895C9 /* libRadarKit.a */;
			productType = "com.apple.product-type.library.static";
		};
		16FA43221AC51D12000895C9 /* RadarKitTests */ = {
			isa = PBXNativeTarget;
			buildConfigurationList = 16FA432F1AC51D12000895C9 /* Build configuration list for PBXNativeTarget "RadarKitTests" */;
			buildPhases = (
				16FA431F1AC51D12000895C9 /* Sources */,
				16FA43201AC51D12000895C9 /* Frameworks */,
				16FA43211AC51D12000895C9 /* Resources */,
			);
			buildRules = (
			);
			dependencies = (
				16FA43261AC51D12000895C9 /* PBXTargetDependency */,
			);
			name = RadarKitTests;
			productName = RadarKitTests;
			productReference = 16FA43231AC51D12000895C9 /* RadarKitTests.xctest */;
			productType = "com.apple.product-type.bundle.unit-test";
		};
/* End PBXNativeTarget section */

/* Begin PBXProject section */
		16FA43101AC51D12000895C9 /* Project object */ = {
			isa = PBXProject;
			attributes = {
				LastUpgradeCheck = 0620;
				ORGANIZATIONNAME = Cedexis;
				TargetAttributes = {
					16FA43171AC51D12000895C9 = {
						CreatedOnToolsVersion = 6.2;
					};
					16FA43221AC51D12000895C9 = {
						CreatedOnToolsVersion = 6.2;
					};
					3E4785501B7142CE000E07BB = {
						CreatedOnToolsVersion = 6.4;
					};
				};
			};
			buildConfigurationList = 16FA43131AC51D12000895C9 /* Build configuration list for PBXProject "RadarKit" */;
			compatibilityVersion = "Xcode 3.2";
			developmentRegion = English;
			hasScannedForEncodings = 0;
			knownRegions = (
				en,
			);
			mainGroup = 16FA430F1AC51D12000895C9;
			productRefGroup = 16FA43191AC51D12000895C9 /* Products */;
			projectDirPath = "";
			projectRoot = "";
			targets = (
				16FA43171AC51D12000895C9 /* RadarKit */,
				16FA43221AC51D12000895C9 /* RadarKitTests */,
				3E4785501B7142CE000E07BB /* Framework */,
			);
		};
/* End PBXProject section */

/* Begin PBXResourcesBuildPhase section */
		16FA43211AC51D12000895C9 /* Resources */ = {
			isa = PBXResourcesBuildPhase;
			buildActionMask = 2147483647;
			files = (
			);
			runOnlyForDeploymentPostprocessing = 0;
		};
/* End PBXResourcesBuildPhase section */

/* Begin PBXShellScriptBuildPhase section */
		3E47854F1B713FBF000E07BB /* Build Framework */ = {
			isa = PBXShellScriptBuildPhase;
			buildActionMask = 2147483647;
			files = (
			);
			inputPaths = (
			);
			name = "Build Framework";
			outputPaths = (
			);
			runOnlyForDeploymentPostprocessing = 0;
			shellPath = /bin/sh;
			shellScript = "set -e\n\nexport FRAMEWORK_LOCN=\"${BUILT_PRODUCTS_DIR}/${PRODUCT_NAME}.framework\"\n\n# Create the path to the real Headers die\nmkdir -p \"${FRAMEWORK_LOCN}/Versions/A/Headers\"\n\n# Create the required symlinks\n/bin/ln -sfh A \"${FRAMEWORK_LOCN}/Versions/Current\"\n/bin/ln -sfh Versions/Current/Headers \"${FRAMEWORK_LOCN}/Headers\"\n/bin/ln -sfh \"Versions/Current/${PRODUCT_NAME}\" \\\n\"${FRAMEWORK_LOCN}/${PRODUCT_NAME}\"\n\n# Copy the public headers into the framework\n/bin/cp -a \"${TARGET_BUILD_DIR}/${PUBLIC_HEADERS_FOLDER_PATH}/\" \\\n\"${FRAMEWORK_LOCN}/Versions/A/Headers\"";
		};
		3E4785561B71431A000E07BB /* Multiplatform build */ = {
			isa = PBXShellScriptBuildPhase;
			buildActionMask = 2147483647;
			files = (
			);
			inputPaths = (
			);
			name = "Multiplatform build";
			outputPaths = (
			);
			runOnlyForDeploymentPostprocessing = 0;
			shellPath = /bin/sh;
			shellScript = "set -e\n\n# If we're already inside this script then die\nif [ -n \"$RW_MULTIPLATFORM_BUILD_IN_PROGRESS\" ]; then\nexit 0\nfi\nexport RW_MULTIPLATFORM_BUILD_IN_PROGRESS=1\n\nRW_FRAMEWORK_NAME=${PROJECT_NAME}\nRW_INPUT_STATIC_LIB=\"lib${PROJECT_NAME}.a\"\nRW_FRAMEWORK_LOCATION=\"${BUILT_PRODUCTS_DIR}/${RW_FRAMEWORK_NAME}.framework\"\n\nfunction build_static_library {\n    # Will rebuild the static library as specified\n    #     build_static_library sdk\n    xcrun xcodebuild -project \"${PROJECT_FILE_PATH}\" \\\n    -target \"${TARGET_NAME}\" \\\n    -configuration \"${CONFIGURATION}\" \\\n    -sdk \"${1}\" \\\n    ONLY_ACTIVE_ARCH=NO \\\n    BUILD_DIR=\"${BUILD_DIR}\" \\\n    OBJROOT=\"${OBJROOT}\" \\\n    BUILD_ROOT=\"${BUILD_ROOT}\" \\\n    SYMROOT=\"${SYMROOT}\" $ACTION\n}\n\nfunction make_fat_library {\n    # Will smash 2 static libs together\n    #     make_fat_library in1 in2 out\n    xcrun lipo -create \"${1}\" \"${2}\" -output \"${3}\"\n}\n\n# 1 - Extract the platform (iphoneos/iphonesimulator) from the SDK name\nif [[ \"$SDK_NAME\" =~ ([A-Za-z]+) ]]; then\nRW_SDK_PLATFORM=${BASH_REMATCH[1]}\nelse\necho \"Could not find platform name from SDK_NAME: $SDK_NAME\"\nexit 1\nfi\n\n# 2 - Extract the version from the SDK\nif [[ \"$SDK_NAME\" =~ ([0-9]+.*$) ]]; then\nRW_SDK_VERSION=${BASH_REMATCH[1]}\nelse\necho \"Could not find sdk version from SDK_NAME: $SDK_NAME\"\nexit 1\nfi\n\n# 3 - Determine the other platform\nif [ \"$RW_SDK_PLATFORM\" == \"iphoneos\" ]; then\nRW_OTHER_PLATFORM=iphonesimulator\nelse\nRW_OTHER_PLATFORM=iphoneos\nfi\n\n# 4 - Find the build directory\nif [[ \"$BUILT_PRODUCTS_DIR\" =~ (.*)$RW_SDK_PLATFORM$ ]]; then\nRW_OTHER_BUILT_PRODUCTS_DIR=\"${BASH_REMATCH[1]}${RW_OTHER_PLATFORM}\"\nelse\necho \"Could not find other platform build directory.\"\nexit 1\nfi\n\n# Build the other platform.\nbuild_static_library \"${RW_OTHER_PLATFORM}${RW_SDK_VERSION}\"\n\n# If we're currently building for iphonesimulator, then need to rebuild\n#   to ensure that we get both i386 and x86_64\nif [ \"$RW_SDK_PLATFORM\" == \"iphonesimulator\" ]; then\nbuild_static_library \"${SDK_NAME}\"\nfi\n\n# Join the 2 static libs into 1 and push into the .framework\nmake_fat_library \"${BUILT_PRODUCTS_DIR}/${RW_INPUT_STATIC_LIB}\" \\\n\"${RW_OTHER_BUILT_PRODUCTS_DIR}/${RW_INPUT_STATIC_LIB}\" \\\n\"${RW_FRAMEWORK_LOCATION}/Versions/A/${RW_FRAMEWORK_NAME}\"\n\n# Ensure that the framework is present in both platform's build directories\ncp -a \"${RW_FRAMEWORK_LOCATION}/Versions/A/${RW_FRAMEWORK_NAME}\" \\\n\"${RW_OTHER_BUILT_PRODUCTS_DIR}/${RW_FRAMEWORK_NAME}.framework/Versions/A/${RW_FRAMEWORK_NAME}\"\n\n# Copy the framework to the user's desktop\nditto \"${RW_FRAMEWORK_LOCATION}\" \"${HOME}/Desktop/${RW_FRAMEWORK_NAME}.framework\"";
		};
/* End PBXShellScriptBuildPhase section */

/* Begin PBXSourcesBuildPhase section */
		16FA43141AC51D12000895C9 /* Sources */ = {
			isa = PBXSourcesBuildPhase;
			buildActionMask = 2147483647;
			files = (
				16FA43581AC55663000895C9 /* CDXProvider.m in Sources */,
				16FA43411AC5210B000895C9 /* CDXRadar.m in Sources */,
				16FA435C1AC56421000895C9 /* CDXProbe.m in Sources */,
				16FA43441AC529F5000895C9 /* CDXInitService.m in Sources */,
				3E8549151B75AD1C005D2A4E /* CDXReachability.m in Sources */,
				16FA43501AC54640000895C9 /* CDXProviderService.m in Sources */,
				3E0774B01B6C31C10024C50D /* CDXLogger.m in Sources */,
				3E0774B41B6FF9300024C50D /* CDXRadarSession.m in Sources */,
			);
			runOnlyForDeploymentPostprocessing = 0;
		};
		16FA431F1AC51D12000895C9 /* Sources */ = {
			isa = PBXSourcesBuildPhase;
			buildActionMask = 2147483647;
			files = (
				3E5928DA1B7925FA0033ABCA /* CDXProviderTests.m in Sources */,
				3EFB785D1B72DE7200E330D4 /* CDXProbeTests.m in Sources */,
				3E5929161B7A6FBD0033ABCA /* CDXRadarTests.m in Sources */,
				3E5928DC1B794E360033ABCA /* CDXProviderServiceTests.m in Sources */,
				3E5929141B7A6AAB0033ABCA /* CDXInitServiceTests.m in Sources */,
			);
			runOnlyForDeploymentPostprocessing = 0;
		};
/* End PBXSourcesBuildPhase section */

/* Begin PBXTargetDependency section */
		16FA43261AC51D12000895C9 /* PBXTargetDependency */ = {
			isa = PBXTargetDependency;
			target = 16FA43171AC51D12000895C9 /* RadarKit */;
			targetProxy = 16FA43251AC51D12000895C9 /* PBXContainerItemProxy */;
		};
		3E4785551B714308000E07BB /* PBXTargetDependency */ = {
			isa = PBXTargetDependency;
			target = 16FA43171AC51D12000895C9 /* RadarKit */;
			targetProxy = 3E4785541B714308000E07BB /* PBXContainerItemProxy */;
		};
/* End PBXTargetDependency section */

/* Begin XCBuildConfiguration section */
		16FA432A1AC51D12000895C9 /* Debug */ = {
			isa = XCBuildConfiguration;
			buildSettings = {
				ALWAYS_SEARCH_USER_PATHS = NO;
				CLANG_CXX_LANGUAGE_STANDARD = "gnu++0x";
				CLANG_CXX_LIBRARY = "libc++";
				CLANG_ENABLE_MODULES = YES;
				CLANG_ENABLE_OBJC_ARC = YES;
				CLANG_WARN_BOOL_CONVERSION = YES;
				CLANG_WARN_CONSTANT_CONVERSION = YES;
				CLANG_WARN_DIRECT_OBJC_ISA_USAGE = YES_ERROR;
				CLANG_WARN_EMPTY_BODY = YES;
				CLANG_WARN_ENUM_CONVERSION = YES;
				CLANG_WARN_INT_CONVERSION = YES;
				CLANG_WARN_OBJC_ROOT_CLASS = YES_ERROR;
				CLANG_WARN_UNREACHABLE_CODE = YES;
				CLANG_WARN__DUPLICATE_METHOD_MATCH = YES;
				CODE_SIGN_IDENTITY = "iPhone Developer: Javier Rosas (2L2378RRSR)";
				COPY_PHASE_STRIP = NO;
				ENABLE_STRICT_OBJC_MSGSEND = YES;
				GCC_C_LANGUAGE_STANDARD = gnu99;
				GCC_DYNAMIC_NO_PIC = NO;
				GCC_OPTIMIZATION_LEVEL = 0;
				GCC_PREPROCESSOR_DEFINITIONS = (
					"DEBUG=1",
					"$(inherited)",
				);
				GCC_SYMBOLS_PRIVATE_EXTERN = NO;
				GCC_WARN_64_TO_32_BIT_CONVERSION = YES;
				GCC_WARN_ABOUT_RETURN_TYPE = YES_ERROR;
				GCC_WARN_UNDECLARED_SELECTOR = YES;
				GCC_WARN_UNINITIALIZED_AUTOS = YES_AGGRESSIVE;
				GCC_WARN_UNUSED_FUNCTION = YES;
				GCC_WARN_UNUSED_VARIABLE = YES;
				IPHONEOS_DEPLOYMENT_TARGET = 8.2;
				MTL_ENABLE_DEBUG_INFO = YES;
				ONLY_ACTIVE_ARCH = YES;
				SDKROOT = iphoneos;
			};
			name = Debug;
		};
		16FA432B1AC51D12000895C9 /* Release */ = {
			isa = XCBuildConfiguration;
			buildSettings = {
				ALWAYS_SEARCH_USER_PATHS = NO;
				CLANG_CXX_LANGUAGE_STANDARD = "gnu++0x";
				CLANG_CXX_LIBRARY = "libc++";
				CLANG_ENABLE_MODULES = YES;
				CLANG_ENABLE_OBJC_ARC = YES;
				CLANG_WARN_BOOL_CONVERSION = YES;
				CLANG_WARN_CONSTANT_CONVERSION = YES;
				CLANG_WARN_DIRECT_OBJC_ISA_USAGE = YES_ERROR;
				CLANG_WARN_EMPTY_BODY = YES;
				CLANG_WARN_ENUM_CONVERSION = YES;
				CLANG_WARN_INT_CONVERSION = YES;
				CLANG_WARN_OBJC_ROOT_CLASS = YES_ERROR;
				CLANG_WARN_UNREACHABLE_CODE = YES;
				CLANG_WARN__DUPLICATE_METHOD_MATCH = YES;
				CODE_SIGN_IDENTITY = "iPhone Developer: Javier Rosas (2L2378RRSR)";
				COPY_PHASE_STRIP = NO;
				ENABLE_NS_ASSERTIONS = NO;
				ENABLE_STRICT_OBJC_MSGSEND = YES;
				GCC_C_LANGUAGE_STANDARD = gnu99;
				GCC_WARN_64_TO_32_BIT_CONVERSION = YES;
				GCC_WARN_ABOUT_RETURN_TYPE = YES_ERROR;
				GCC_WARN_UNDECLARED_SELECTOR = YES;
				GCC_WARN_UNINITIALIZED_AUTOS = YES_AGGRESSIVE;
				GCC_WARN_UNUSED_FUNCTION = YES;
				GCC_WARN_UNUSED_VARIABLE = YES;
				IPHONEOS_DEPLOYMENT_TARGET = 8.2;
				MTL_ENABLE_DEBUG_INFO = NO;
				SDKROOT = iphoneos;
				VALIDATE_PRODUCT = YES;
			};
			name = Release;
		};
		16FA432D1AC51D12000895C9 /* Debug */ = {
			isa = XCBuildConfiguration;
			buildSettings = {
				CODE_SIGN_IDENTITY = "iPhone Developer: Javier Rosas (2L2378RRSR)";
				OTHER_LDFLAGS = "-ObjC";
				PRODUCT_NAME = "$(TARGET_NAME)";
				PUBLIC_HEADERS_FOLDER_PATH = "include/$(PROJECT_NAME)";
				SKIP_INSTALL = YES;
			};
			name = Debug;
		};
		16FA432E1AC51D12000895C9 /* Release */ = {
			isa = XCBuildConfiguration;
			buildSettings = {
				CODE_SIGN_IDENTITY = "iPhone Developer: Javier Rosas (2L2378RRSR)";
				OTHER_LDFLAGS = "-ObjC";
				PRODUCT_NAME = "$(TARGET_NAME)";
				PUBLIC_HEADERS_FOLDER_PATH = "include/$(PROJECT_NAME)";
				SKIP_INSTALL = YES;
			};
			name = Release;
		};
		16FA43301AC51D12000895C9 /* Debug */ = {
			isa = XCBuildConfiguration;
			buildSettings = {
				FRAMEWORK_SEARCH_PATHS = (
					"$(SDKROOT)/Developer/Library/Frameworks",
					"$(inherited)",
				);
				GCC_PREPROCESSOR_DEFINITIONS = (
					"DEBUG=1",
					"$(inherited)",
				);
				INFOPLIST_FILE = RadarKitTests/Info.plist;
				LD_RUNPATH_SEARCH_PATHS = "$(inherited) @executable_path/Frameworks @loader_path/Frameworks";
				PRODUCT_NAME = "$(TARGET_NAME)";
			};
			name = Debug;
		};
		16FA43311AC51D12000895C9 /* Release */ = {
			isa = XCBuildConfiguration;
			buildSettings = {
				FRAMEWORK_SEARCH_PATHS = (
					"$(SDKROOT)/Developer/Library/Frameworks",
					"$(inherited)",
				);
				INFOPLIST_FILE = RadarKitTests/Info.plist;
				LD_RUNPATH_SEARCH_PATHS = "$(inherited) @executable_path/Frameworks @loader_path/Frameworks";
				PRODUCT_NAME = "$(TARGET_NAME)";
			};
			name = Release;
		};
		3E4785521B7142CE000E07BB /* Debug */ = {
			isa = XCBuildConfiguration;
			buildSettings = {
				PRODUCT_NAME = "$(TARGET_NAME)";
			};
			name = Debug;
		};
		3E4785531B7142CE000E07BB /* Release */ = {
			isa = XCBuildConfiguration;
			buildSettings = {
				ONLY_ACTIVE_ARCH = YES;
				PRODUCT_NAME = "$(TARGET_NAME)";
			};
			name = Release;
		};
/* End XCBuildConfiguration section */

/* Begin XCConfigurationList section */
		16FA43131AC51D12000895C9 /* Build configuration list for PBXProject "RadarKit" */ = {
			isa = XCConfigurationList;
			buildConfigurations = (
				16FA432A1AC51D12000895C9 /* Debug */,
				16FA432B1AC51D12000895C9 /* Release */,
			);
			defaultConfigurationIsVisible = 0;
			defaultConfigurationName = Release;
		};
		16FA432C1AC51D12000895C9 /* Build configuration list for PBXNativeTarget "RadarKit" */ = {
			isa = XCConfigurationList;
			buildConfigurations = (
				16FA432D1AC51D12000895C9 /* Debug */,
				16FA432E1AC51D12000895C9 /* Release */,
			);
			defaultConfigurationIsVisible = 0;
			defaultConfigurationName = Release;
		};
		16FA432F1AC51D12000895C9 /* Build configuration list for PBXNativeTarget "RadarKitTests" */ = {
			isa = XCConfigurationList;
			buildConfigurations = (
				16FA43301AC51D12000895C9 /* Debug */,
				16FA43311AC51D12000895C9 /* Release */,
			);
			defaultConfigurationIsVisible = 0;
			defaultConfigurationName = Release;
		};
		3E4785511B7142CE000E07BB /* Build configuration list for PBXAggregateTarget "Framework" */ = {
			isa = XCConfigurationList;
			buildConfigurations = (
				3E4785521B7142CE000E07BB /* Debug */,
				3E4785531B7142CE000E07BB /* Release */,
			);
			defaultConfigurationIsVisible = 0;
			defaultConfigurationName = Release;
		};
/* End XCConfigurationList section */
	};
	rootObject = 16FA43101AC51D12000895C9 /* Project object */;
}
