// !$*UTF8*$!
{
	archiveVersion = 1;
	classes = {
	};
	objectVersion = 46;
	objects = {

/* Begin PBXBuildFile section */
		16FA431C1AC51D12000895C9 /* RadarKit.h in CopyFiles */ = {isa = PBXBuildFile; fileRef = 16FA431B1AC51D12000895C9 /* RadarKit.h */; };
		16FA431E1AC51D12000895C9 /* RadarKit.m in Sources */ = {isa = PBXBuildFile; fileRef = 16FA431D1AC51D12000895C9 /* RadarKit.m */; };
		16FA43241AC51D12000895C9 /* libRadarKit.a in Frameworks */ = {isa = PBXBuildFile; fileRef = 16FA43181AC51D12000895C9 /* libRadarKit.a */; };
/* End PBXBuildFile section */

/* Begin PBXContainerItemProxy section */
		16FA43251AC51D12000895C9 /* PBXContainerItemProxy */ = {
			isa = PBXContainerItemProxy;
			containerPortal = 16FA43101AC51D12000895C9 /* Project object */;
			proxyType = 1;
			remoteGlobalIDString = 16FA43171AC51D12000895C9;
			remoteInfo = RadarKit;
		};
/* End PBXContainerItemProxy section */

/* Begin PBXCopyFilesBuildPhase section */
		16FA43161AC51D12000895C9 /* CopyFiles */ = {
			isa = PBXCopyFilesBuildPhase;
			buildActionMask = 2147483647;
			dstPath = "include/$(PRODUCT_NAME)";
			dstSubfolderSpec = 16;
			files = (
				16FA431C1AC51D12000895C9 /* RadarKit.h in CopyFiles */,
			);
			runOnlyForDeploymentPostprocessing = 0;
		};
/* End PBXCopyFilesBuildPhase section */

/* Begin PBXFileReference section */
		16FA43181AC51D12000895C9 /* libRadarKit.a */ = {isa = PBXFileReference; explicitFileType = archive.ar; includeInIndex = 0; path = libRadarKit.a; sourceTree = BUILT_PRODUCTS_DIR; };
		16FA431B1AC51D12000895C9 /* RadarKit.h */ = {isa = PBXFileReference; lastKnownFileType = sourcecode.c.h; path = RadarKit.h; sourceTree = "<group>"; };
		16FA431D1AC51D12000895C9 /* RadarKit.m */ = {isa = PBXFileReference; lastKnownFileType = sourcecode.c.objc; path = RadarKit.m; sourceTree = "<group>"; };
		16FA43231AC51D12000895C9 /* RadarKitTests.xctest */ = {isa = PBXFileReference; explicitFileType = wrapper.cfbundle; includeInIndex = 0; path = RadarKitTests.xctest; sourceTree = BUILT_PRODUCTS_DIR; };
		16FA43291AC51D12000895C9 /* Info.plist */ = {isa = PBXFileReference; lastKnownFileType = text.plist.xml; path = Info.plist; sourceTree = "<group>"; };
		16FA43321AC51D87000895C9 /* README.md */ = {isa = PBXFileReference; lastKnownFileType = net.daringfireball.markdown; path = README.md; sourceTree = "<group>"; };
/* End PBXFileReference section */

/* Begin PBXFrameworksBuildPhase section */
		16FA43151AC51D12000895C9 /* Frameworks */ = {
			isa = PBXFrameworksBuildPhase;
			buildActionMask = 2147483647;
			files = (
			);
			runOnlyForDeploymentPostprocessing = 0;
		};
		16FA43201AC51D12000895C9 /* Frameworks */ = {
			isa = PBXFrameworksBuildPhase;
			buildActionMask = 2147483647;
			files = (
				16FA43241AC51D12000895C9 /* libRadarKit.a in Frameworks */,
			);
			runOnlyForDeploymentPostprocessing = 0;
		};
/* End PBXFrameworksBuildPhase section */

/* Begin PBXGroup section */
		16FA430F1AC51D12000895C9 = {
			isa = PBXGroup;
			children = (
				16FA43321AC51D87000895C9 /* README.md */,
				16FA431A1AC51D12000895C9 /* RadarKit */,
				16FA43271AC51D12000895C9 /* RadarKitTests */,
				16FA43191AC51D12000895C9 /* Products */,
			);
			sourceTree = "<group>";
		};
		16FA43191AC51D12000895C9 /* Products */ = {
			isa = PBXGroup;
			children = (
				16FA43181AC51D12000895C9 /* libRadarKit.a */,
				16FA43231AC51D12000895C9 /* RadarKitTests.xctest */,
			);
			name = Products;
			sourceTree = "<group>";
		};
		16FA431A1AC51D12000895C9 /* RadarKit */ = {
			isa = PBXGroup;
			children = (
				16FA431B1AC51D12000895C9 /* RadarKit.h */,
				16FA431D1AC51D12000895C9 /* RadarKit.m */,
			);
			path = RadarKit;
			sourceTree = "<group>";
		};
		16FA43271AC51D12000895C9 /* RadarKitTests */ = {
			isa = PBXGroup;
			children = (
				16FA43281AC51D12000895C9 /* Supporting Files */,
			);
			path = RadarKitTests;
			sourceTree = "<group>";
		};
		16FA43281AC51D12000895C9 /* Supporting Files */ = {
			isa = PBXGroup;
			children = (
				16FA43291AC51D12000895C9 /* Info.plist */,
			);
			name = "Supporting Files";
			sourceTree = "<group>";
		};
/* End PBXGroup section */

/* Begin PBXNativeTarget section */
		16FA43171AC51D12000895C9 /* RadarKit */ = {
			isa = PBXNativeTarget;
			buildConfigurationList = 16FA432C1AC51D12000895C9 /* Build configuration list for PBXNativeTarget "RadarKit" */;
			buildPhases = (
				16FA43141AC51D12000895C9 /* Sources */,
				16FA43151AC51D12000895C9 /* Frameworks */,
				16FA43161AC51D12000895C9 /* CopyFiles */,
			);
			buildRules = (
			);
			dependencies = (
			);
			name = RadarKit;
			productName = RadarKit;
			productReference = 16FA43181AC51D12000895C9 /* libRadarKit.a */;
			productType = "com.apple.product-type.library.static";
		};
		16FA43221AC51D12000895C9 /* RadarKitTests */ = {
			isa = PBXNativeTarget;
			buildConfigurationList = 16FA432F1AC51D12000895C9 /* Build configuration list for PBXNativeTarget "RadarKitTests" */;
			buildPhases = (
				16FA431F1AC51D12000895C9 /* Sources */,
				16FA43201AC51D12000895C9 /* Frameworks */,
				16FA43211AC51D12000895C9 /* Resources */,
			);
			buildRules = (
			);
			dependencies = (
				16FA43261AC51D12000895C9 /* PBXTargetDependency */,
			);
			name = RadarKitTests;
			productName = RadarKitTests;
			productReference = 16FA43231AC51D12000895C9 /* RadarKitTests.xctest */;
			productType = "com.apple.product-type.bundle.unit-test";
		};
/* End PBXNativeTarget section */

/* Begin PBXProject section */
		16FA43101AC51D12000895C9 /* Project object */ = {
			isa = PBXProject;
			attributes = {
				LastUpgradeCheck = 0620;
				ORGANIZATIONNAME = Cedexis;
				TargetAttributes = {
					16FA43171AC51D12000895C9 = {
						CreatedOnToolsVersion = 6.2;
					};
					16FA43221AC51D12000895C9 = {
						CreatedOnToolsVersion = 6.2;
					};
				};
			};
			buildConfigurationList = 16FA43131AC51D12000895C9 /* Build configuration list for PBXProject "RadarKit" */;
			compatibilityVersion = "Xcode 3.2";
			developmentRegion = English;
			hasScannedForEncodings = 0;
			knownRegions = (
				en,
			);
			mainGroup = 16FA430F1AC51D12000895C9;
			productRefGroup = 16FA43191AC51D12000895C9 /* Products */;
			projectDirPath = "";
			projectRoot = "";
			targets = (
				16FA43171AC51D12000895C9 /* RadarKit */,
				16FA43221AC51D12000895C9 /* RadarKitTests */,
			);
		};
/* End PBXProject section */

/* Begin PBXResourcesBuildPhase section */
		16FA43211AC51D12000895C9 /* Resources */ = {
			isa = PBXResourcesBuildPhase;
			buildActionMask = 2147483647;
			files = (
			);
			runOnlyForDeploymentPostprocessing = 0;
		};
/* End PBXResourcesBuildPhase section */

/* Begin PBXSourcesBuildPhase section */
		16FA43141AC51D12000895C9 /* Sources */ = {
			isa = PBXSourcesBuildPhase;
			buildActionMask = 2147483647;
			files = (
				16FA431E1AC51D12000895C9 /* RadarKit.m in Sources */,
			);
			runOnlyForDeploymentPostprocessing = 0;
		};
		16FA431F1AC51D12000895C9 /* Sources */ = {
			isa = PBXSourcesBuildPhase;
			buildActionMask = 2147483647;
			files = (
			);
			runOnlyForDeploymentPostprocessing = 0;
		};
/* End PBXSourcesBuildPhase section */

/* Begin PBXTargetDependency section */
		16FA43261AC51D12000895C9 /* PBXTargetDependency */ = {
			isa = PBXTargetDependency;
			target = 16FA43171AC51D12000895C9 /* RadarKit */;
			targetProxy = 16FA43251AC51D12000895C9 /* PBXContainerItemProxy */;
		};
/* End PBXTargetDependency section */

/* Begin XCBuildConfiguration section */
		16FA432A1AC51D12000895C9 /* Debug */ = {
			isa = XCBuildConfiguration;
			buildSettings = {
				ALWAYS_SEARCH_USER_PATHS = NO;
				CLANG_CXX_LANGUAGE_STANDARD = "gnu++0x";
				CLANG_CXX_LIBRARY = "libc++";
				CLANG_ENABLE_MODULES = YES;
				CLANG_ENABLE_OBJC_ARC = YES;
				CLANG_WARN_BOOL_CONVERSION = YES;
				CLANG_WARN_CONSTANT_CONVERSION = YES;
				CLANG_WARN_DIRECT_OBJC_ISA_USAGE = YES_ERROR;
				CLANG_WARN_EMPTY_BODY = YES;
				CLANG_WARN_ENUM_CONVERSION = YES;
				CLANG_WARN_INT_CONVERSION = YES;
				CLANG_WARN_OBJC_ROOT_CLASS = YES_ERROR;
				CLANG_WARN_UNREACHABLE_CODE = YES;
				CLANG_WARN__DUPLICATE_METHOD_MATCH = YES;
				COPY_PHASE_STRIP = NO;
				ENABLE_STRICT_OBJC_MSGSEND = YES;
				GCC_C_LANGUAGE_STANDARD = gnu99;
				GCC_DYNAMIC_NO_PIC = NO;
				GCC_OPTIMIZATION_LEVEL = 0;
				GCC_PREPROCESSOR_DEFINITIONS = (
					"DEBUG=1",
					"$(inherited)",
				);
				GCC_SYMBOLS_PRIVATE_EXTERN = NO;
				GCC_WARN_64_TO_32_BIT_CONVERSION = YES;
				GCC_WARN_ABOUT_RETURN_TYPE = YES_ERROR;
				GCC_WARN_UNDECLARED_SELECTOR = YES;
				GCC_WARN_UNINITIALIZED_AUTOS = YES_AGGRESSIVE;
				GCC_WARN_UNUSED_FUNCTION = YES;
				GCC_WARN_UNUSED_VARIABLE = YES;
				IPHONEOS_DEPLOYMENT_TARGET = 8.2;
				MTL_ENABLE_DEBUG_INFO = YES;
				ONLY_ACTIVE_ARCH = YES;
				SDKROOT = iphoneos;
			};
			name = Debug;
		};
		16FA432B1AC51D12000895C9 /* Release */ = {
			isa = XCBuildConfiguration;
			buildSettings = {
				ALWAYS_SEARCH_USER_PATHS = NO;
				CLANG_CXX_LANGUAGE_STANDARD = "gnu++0x";
				CLANG_CXX_LIBRARY = "libc++";
				CLANG_ENABLE_MODULES = YES;
				CLANG_ENABLE_OBJC_ARC = YES;
				CLANG_WARN_BOOL_CONVERSION = YES;
				CLANG_WARN_CONSTANT_CONVERSION = YES;
				CLANG_WARN_DIRECT_OBJC_ISA_USAGE = YES_ERROR;
				CLANG_WARN_EMPTY_BODY = YES;
				CLANG_WARN_ENUM_CONVERSION = YES;
				CLANG_WARN_INT_CONVERSION = YES;
				CLANG_WARN_OBJC_ROOT_CLASS = YES_ERROR;
				CLANG_WARN_UNREACHABLE_CODE = YES;
				CLANG_WARN__DUPLICATE_METHOD_MATCH = YES;
				COPY_PHASE_STRIP = NO;
				ENABLE_NS_ASSERTIONS = NO;
				ENABLE_STRICT_OBJC_MSGSEND = YES;
				GCC_C_LANGUAGE_STANDARD = gnu99;
				GCC_WARN_64_TO_32_BIT_CONVERSION = YES;
				GCC_WARN_ABOUT_RETURN_TYPE = YES_ERROR;
				GCC_WARN_UNDECLARED_SELECTOR = YES;
				GCC_WARN_UNINITIALIZED_AUTOS = YES_AGGRESSIVE;
				GCC_WARN_UNUSED_FUNCTION = YES;
				GCC_WARN_UNUSED_VARIABLE = YES;
				IPHONEOS_DEPLOYMENT_TARGET = 8.2;
				MTL_ENABLE_DEBUG_INFO = NO;
				SDKROOT = iphoneos;
				VALIDATE_PRODUCT = YES;
			};
			name = Release;
		};
		16FA432D1AC51D12000895C9 /* Debug */ = {
			isa = XCBuildConfiguration;
			buildSettings = {
				OTHER_LDFLAGS = "-ObjC";
				PRODUCT_NAME = "$(TARGET_NAME)";
				SKIP_INSTALL = YES;
			};
			name = Debug;
		};
		16FA432E1AC51D12000895C9 /* Release */ = {
			isa = XCBuildConfiguration;
			buildSettings = {
				OTHER_LDFLAGS = "-ObjC";
				PRODUCT_NAME = "$(TARGET_NAME)";
				SKIP_INSTALL = YES;
			};
			name = Release;
		};
		16FA43301AC51D12000895C9 /* Debug */ = {
			isa = XCBuildConfiguration;
			buildSettings = {
				FRAMEWORK_SEARCH_PATHS = (
					"$(SDKROOT)/Developer/Library/Frameworks",
					"$(inherited)",
				);
				GCC_PREPROCESSOR_DEFINITIONS = (
					"DEBUG=1",
					"$(inherited)",
				);
				INFOPLIST_FILE = RadarKitTests/Info.plist;
				LD_RUNPATH_SEARCH_PATHS = "$(inherited) @executable_path/Frameworks @loader_path/Frameworks";
				PRODUCT_NAME = "$(TARGET_NAME)";
			};
			name = Debug;
		};
		16FA43311AC51D12000895C9 /* Release */ = {
			isa = XCBuildConfiguration;
			buildSettings = {
				FRAMEWORK_SEARCH_PATHS = (
					"$(SDKROOT)/Developer/Library/Frameworks",
					"$(inherited)",
				);
				INFOPLIST_FILE = RadarKitTests/Info.plist;
				LD_RUNPATH_SEARCH_PATHS = "$(inherited) @executable_path/Frameworks @loader_path/Frameworks";
				PRODUCT_NAME = "$(TARGET_NAME)";
			};
			name = Release;
		};
/* End XCBuildConfiguration section */

/* Begin XCConfigurationList section */
		16FA43131AC51D12000895C9 /* Build configuration list for PBXProject "RadarKit" */ = {
			isa = XCConfigurationList;
			buildConfigurations = (
				16FA432A1AC51D12000895C9 /* Debug */,
				16FA432B1AC51D12000895C9 /* Release */,
			);
			defaultConfigurationIsVisible = 0;
			defaultConfigurationName = Release;
		};
		16FA432C1AC51D12000895C9 /* Build configuration list for PBXNativeTarget "RadarKit" */ = {
			isa = XCConfigurationList;
			buildConfigurations = (
				16FA432D1AC51D12000895C9 /* Debug */,
				16FA432E1AC51D12000895C9 /* Release */,
			);
			defaultConfigurationIsVisible = 0;
		};
		16FA432F1AC51D12000895C9 /* Build configuration list for PBXNativeTarget "RadarKitTests" */ = {
			isa = XCConfigurationList;
			buildConfigurations = (
				16FA43301AC51D12000895C9 /* Debug */,
				16FA43311AC51D12000895C9 /* Release */,
			);
			defaultConfigurationIsVisible = 0;
		};
/* End XCConfigurationList section */
	};
	rootObject = 16FA43101AC51D12000895C9 /* Project object */;
}
